// !$*UTF8*$!
{
	archiveVersion = 1;
	classes = {
	};
	objectVersion = 50;
	objects = {

/* Begin PBXBuildFile section */
		466941692110E22A00E7FF73 /* AppDelegate.swift in Sources */ = {isa = PBXBuildFile; fileRef = 466941682110E22A00E7FF73 /* AppDelegate.swift */; };
		4669416B2110E22B00E7FF73 /* ViewController.swift in Sources */ = {isa = PBXBuildFile; fileRef = 4669416A2110E22B00E7FF73 /* ViewController.swift */; };
		4669416E2110E22B00E7FF73 /* Main.storyboard in Resources */ = {isa = PBXBuildFile; fileRef = 4669416C2110E22B00E7FF73 /* Main.storyboard */; };
		466941702110E22B00E7FF73 /* Assets.xcassets in Resources */ = {isa = PBXBuildFile; fileRef = 4669416F2110E22B00E7FF73 /* Assets.xcassets */; };
		466941732110E22B00E7FF73 /* LaunchScreen.storyboard in Resources */ = {isa = PBXBuildFile; fileRef = 466941712110E22B00E7FF73 /* LaunchScreen.storyboard */; };
		6D407D5123E09F9300FDEB02 /* Book.swift in Sources */ = {isa = PBXBuildFile; fileRef = 6D407D5023E09F9300FDEB02 /* Book.swift */; };
		6D407D5423E0A13700FDEB02 /* BookController.swift in Sources */ = {isa = PBXBuildFile; fileRef = 6D407D5323E0A13700FDEB02 /* BookController.swift */; };
/* End PBXBuildFile section */

/* Begin PBXFileReference section */
		466941652110E22A00E7FF73 /* Reading List.app */ = {isa = PBXFileReference; explicitFileType = wrapper.application; includeInIndex = 0; path = "Reading List.app"; sourceTree = BUILT_PRODUCTS_DIR; };
		466941682110E22A00E7FF73 /* AppDelegate.swift */ = {isa = PBXFileReference; lastKnownFileType = sourcecode.swift; path = AppDelegate.swift; sourceTree = "<group>"; };
		4669416A2110E22B00E7FF73 /* ViewController.swift */ = {isa = PBXFileReference; lastKnownFileType = sourcecode.swift; path = ViewController.swift; sourceTree = "<group>"; };
		4669416D2110E22B00E7FF73 /* Base */ = {isa = PBXFileReference; lastKnownFileType = file.storyboard; name = Base; path = Base.lproj/Main.storyboard; sourceTree = "<group>"; };
		4669416F2110E22B00E7FF73 /* Assets.xcassets */ = {isa = PBXFileReference; lastKnownFileType = folder.assetcatalog; path = Assets.xcassets; sourceTree = "<group>"; };
		466941722110E22B00E7FF73 /* Base */ = {isa = PBXFileReference; lastKnownFileType = file.storyboard; name = Base; path = Base.lproj/LaunchScreen.storyboard; sourceTree = "<group>"; };
		466941742110E22B00E7FF73 /* Info.plist */ = {isa = PBXFileReference; lastKnownFileType = text.plist.xml; path = Info.plist; sourceTree = "<group>"; };
		6D407D5023E09F9300FDEB02 /* Book.swift */ = {isa = PBXFileReference; lastKnownFileType = sourcecode.swift; path = Book.swift; sourceTree = "<group>"; };
		6D407D5323E0A13700FDEB02 /* BookController.swift */ = {isa = PBXFileReference; lastKnownFileType = sourcecode.swift; path = BookController.swift; sourceTree = SOURCE_ROOT; };
/* End PBXFileReference section */

/* Begin PBXFrameworksBuildPhase section */
		466941622110E22A00E7FF73 /* Frameworks */ = {
			isa = PBXFrameworksBuildPhase;
			buildActionMask = 2147483647;
			files = (
			);
			runOnlyForDeploymentPostprocessing = 0;
		};
/* End PBXFrameworksBuildPhase section */

/* Begin PBXGroup section */
		4669415C2110E22A00E7FF73 = {
			isa = PBXGroup;
			children = (
				466941672110E22A00E7FF73 /* Reading List */,
				466941662110E22A00E7FF73 /* Products */,
			);
			sourceTree = "<group>";
		};
		466941662110E22A00E7FF73 /* Products */ = {
			isa = PBXGroup;
			children = (
				466941652110E22A00E7FF73 /* Reading List.app */,
			);
			name = Products;
			sourceTree = "<group>";
		};
		466941672110E22A00E7FF73 /* Reading List */ = {
			isa = PBXGroup;
			children = (
				466941682110E22A00E7FF73 /* AppDelegate.swift */,
				4669416A2110E22B00E7FF73 /* ViewController.swift */,
				4669416C2110E22B00E7FF73 /* Main.storyboard */,
				4669416F2110E22B00E7FF73 /* Assets.xcassets */,
				466941712110E22B00E7FF73 /* LaunchScreen.storyboard */,
				466941742110E22B00E7FF73 /* Info.plist */,
				6D407D5223E09FA100FDEB02 /* Model */,
				6D407D5323E0A13700FDEB02 /* BookController.swift */,
			);
			path = "Reading List";
			sourceTree = "<group>";
		};
		6D407D5223E09FA100FDEB02 /* Model */ = {
			isa = PBXGroup;
			children = (
				6D407D5023E09F9300FDEB02 /* Book.swift */,
			);
			path = Model;
			sourceTree = "<group>";
		};
/* End PBXGroup section */

/* Begin PBXNativeTarget section */
		466941642110E22A00E7FF73 /* Reading List */ = {
			isa = PBXNativeTarget;
			buildConfigurationList = 466941772110E22B00E7FF73 /* Build configuration list for PBXNativeTarget "Reading List" */;
			buildPhases = (
				466941612110E22A00E7FF73 /* Sources */,
				466941622110E22A00E7FF73 /* Frameworks */,
				466941632110E22A00E7FF73 /* Resources */,
			);
			buildRules = (
			);
			dependencies = (
			);
			name = "Reading List";
			productName = "Reading List";
			productReference = 466941652110E22A00E7FF73 /* Reading List.app */;
			productType = "com.apple.product-type.application";
		};
/* End PBXNativeTarget section */

/* Begin PBXProject section */
		4669415D2110E22A00E7FF73 /* Project object */ = {
			isa = PBXProject;
			attributes = {
				LastSwiftUpdateCheck = 0940;
				LastUpgradeCheck = 0940;
				ORGANIZATIONNAME = "Lambda School";
				TargetAttributes = {
					466941642110E22A00E7FF73 = {
						CreatedOnToolsVersion = 9.4.1;
					};
				};
			};
			buildConfigurationList = 466941602110E22A00E7FF73 /* Build configuration list for PBXProject "Reading List" */;
			compatibilityVersion = "Xcode 9.3";
			developmentRegion = en;
			hasScannedForEncodings = 0;
			knownRegions = (
				en,
				Base,
			);
			mainGroup = 4669415C2110E22A00E7FF73;
			productRefGroup = 466941662110E22A00E7FF73 /* Products */;
			projectDirPath = "";
			projectRoot = "";
			targets = (
				466941642110E22A00E7FF73 /* Reading List */,
			);
		};
/* End PBXProject section */

/* Begin PBXResourcesBuildPhase section */
		466941632110E22A00E7FF73 /* Resources */ = {
			isa = PBXResourcesBuildPhase;
			buildActionMask = 2147483647;
			files = (
				466941732110E22B00E7FF73 /* LaunchScreen.storyboard in Resources */,
				466941702110E22B00E7FF73 /* Assets.xcassets in Resources */,
				4669416E2110E22B00E7FF73 /* Main.storyboard in Resources */,
			);
			runOnlyForDeploymentPostprocessing = 0;
		};
/* End PBXResourcesBuildPhase section */

/* Begin PBXSourcesBuildPhase section */
		466941612110E22A00E7FF73 /* Sources */ = {
			isa = PBXSourcesBuildPhase;
			buildActionMask = 2147483647;
			files = (
				4669416B2110E22B00E7FF73 /* ViewController.swift in Sources */,
				466941692110E22A00E7FF73 /* AppDelegate.swift in Sources */,
				6D407D5423E0A13700FDEB02 /* BookController.swift in Sources */,
				6D407D5123E09F9300FDEB02 /* Book.swift in Sources */,
			);
			runOnlyForDeploymentPostprocessing = 0;
		};
/* End PBXSourcesBuildPhase section */

/* Begin PBXVariantGroup section */
		4669416C2110E22B00E7FF73 /* Main.storyboard */ = {
			isa = PBXVariantGroup;
			children = (
				4669416D2110E22B00E7FF73 /* Base */,
			);
			name = Main.storyboard;
			sourceTree = "<group>";
		};
		466941712110E22B00E7FF73 /* LaunchScreen.storyboard */ = {
			isa = PBXVariantGroup;
			children = (
				466941722110E22B00E7FF73 /* Base */,
			);
			name = LaunchScreen.storyboard;
			sourceTree = "<group>";
		};
/* End PBXVariantGroup section */

/* Begin XCBuildConfiguration section */
		466941752110E22B00E7FF73 /* Debug */ = {
			isa = XCBuildConfiguration;
			buildSettings = {
				ALWAYS_SEARCH_USER_PATHS = NO;
				CLANG_ANALYZER_NONNULL = YES;
				CLANG_ANALYZER_NUMBER_OBJECT_CONVERSION = YES_AGGRESSIVE;
				CLANG_CXX_LANGUAGE_STANDARD = "gnu++14";
				CLANG_CXX_LIBRARY = "libc++";
				CLANG_ENABLE_MODULES = YES;
				CLANG_ENABLE_OBJC_ARC = YES;
				CLANG_ENABLE_OBJC_WEAK = YES;
				CLANG_WARN_BLOCK_CAPTURE_AUTORELEASING = YES;
				CLANG_WARN_BOOL_CONVERSION = YES;
				CLANG_WARN_COMMA = YES;
				CLANG_WARN_CONSTANT_CONVERSION = YES;
				CLANG_WARN_DEPRECATED_OBJC_IMPLEMENTATIONS = YES;
				CLANG_WARN_DIRECT_OBJC_ISA_USAGE = YES_ERROR;
				CLANG_WARN_DOCUMENTATION_COMMENTS = YES;
				CLANG_WARN_EMPTY_BODY = YES;
				CLANG_WARN_ENUM_CONVERSION = YES;
				CLANG_WARN_INFINITE_RECURSION = YES;
				CLANG_WARN_INT_CONVERSION = YES;
				CLANG_WARN_NON_LITERAL_NULL_CONVERSION = YES;
				CLANG_WARN_OBJC_IMPLICIT_RETAIN_SELF = YES;
				CLANG_WARN_OBJC_LITERAL_CONVERSION = YES;
				CLANG_WARN_OBJC_ROOT_CLASS = YES_ERROR;
				CLANG_WARN_RANGE_LOOP_ANALYSIS = YES;
				CLANG_WARN_STRICT_PROTOTYPES = YES;
				CLANG_WARN_SUSPICIOUS_MOVE = YES;
				CLANG_WARN_UNGUARDED_AVAILABILITY = YES_AGGRESSIVE;
				CLANG_WARN_UNREACHABLE_CODE = YES;
				CLANG_WARN__DUPLICATE_METHOD_MATCH = YES;
				CODE_SIGN_IDENTITY = "iPhone Developer";
				COPY_PHASE_STRIP = NO;
				DEBUG_INFORMATION_FORMAT = dwarf;
				ENABLE_STRICT_OBJC_MSGSEND = YES;
				ENABLE_TESTABILITY = YES;
				GCC_C_LANGUAGE_STANDARD = gnu11;
				GCC_DYNAMIC_NO_PIC = NO;
				GCC_NO_COMMON_BLOCKS = YES;
				GCC_OPTIMIZATION_LEVEL = 0;
				GCC_PREPROCESSOR_DEFINITIONS = (
					"DEBUG=1",
					"$(inherited)",
				);
				GCC_WARN_64_TO_32_BIT_CONVERSION = YES;
				GCC_WARN_ABOUT_RETURN_TYPE = YES_ERROR;
				GCC_WARN_UNDECLARED_SELECTOR = YES;
				GCC_WARN_UNINITIALIZED_AUTOS = YES_AGGRESSIVE;
				GCC_WARN_UNUSED_FUNCTION = YES;
				GCC_WARN_UNUSED_VARIABLE = YES;
				IPHONEOS_DEPLOYMENT_TARGET = 11.4;
				MTL_ENABLE_DEBUG_INFO = YES;
				ONLY_ACTIVE_ARCH = YES;
				SDKROOT = iphoneos;
				SWIFT_ACTIVE_COMPILATION_CONDITIONS = DEBUG;
				SWIFT_OPTIMIZATION_LEVEL = "-Onone";
			};
			name = Debug;
		};
		466941762110E22B00E7FF73 /* Release */ = {
			isa = XCBuildConfiguration;
			buildSettings = {
				ALWAYS_SEARCH_USER_PATHS = NO;
				CLANG_ANALYZER_NONNULL = YES;
				CLANG_ANALYZER_NUMBER_OBJECT_CONVERSION = YES_AGGRESSIVE;
				CLANG_CXX_LANGUAGE_STANDARD = "gnu++14";
				CLANG_CXX_LIBRARY = "libc++";
				CLANG_ENABLE_MODULES = YES;
				CLANG_ENABLE_OBJC_ARC = YES;
				CLANG_ENABLE_OBJC_WEAK = YES;
				CLANG_WARN_BLOCK_CAPTURE_AUTORELEASING = YES;
				CLANG_WARN_BOOL_CONVERSION = YES;
				CLANG_WARN_COMMA = YES;
				CLANG_WARN_CONSTANT_CONVERSION = YES;
				CLANG_WARN_DEPRECATED_OBJC_IMPLEMENTATIONS = YES;
				CLANG_WARN_DIRECT_OBJC_ISA_USAGE = YES_ERROR;
				CLANG_WARN_DOCUMENTATION_COMMENTS = YES;
				CLANG_WARN_EMPTY_BODY = YES;
				CLANG_WARN_ENUM_CONVERSION = YES;
				CLANG_WARN_INFINITE_RECURSION = YES;
				CLANG_WARN_INT_CONVERSION = YES;
				CLANG_WARN_NON_LITERAL_NULL_CONVERSION = YES;
				CLANG_WARN_OBJC_IMPLICIT_RETAIN_SELF = YES;
				CLANG_WARN_OBJC_LITERAL_CONVERSION = YES;
				CLANG_WARN_OBJC_ROOT_CLASS = YES_ERROR;
				CLANG_WARN_RANGE_LOOP_ANALYSIS = YES;
				CLANG_WARN_STRICT_PROTOTYPES = YES;
				CLANG_WARN_SUSPICIOUS_MOVE = YES;
				CLANG_WARN_UNGUARDED_AVAILABILITY = YES_AGGRESSIVE;
				CLANG_WARN_UNREACHABLE_CODE = YES;
				CLANG_WARN__DUPLICATE_METHOD_MATCH = YES;
				CODE_SIGN_IDENTITY = "iPhone Developer";
				COPY_PHASE_STRIP = NO;
				DEBUG_INFORMATION_FORMAT = "dwarf-with-dsym";
				ENABLE_NS_ASSERTIONS = NO;
				ENABLE_STRICT_OBJC_MSGSEND = YES;
				GCC_C_LANGUAGE_STANDARD = gnu11;
				GCC_NO_COMMON_BLOCKS = YES;
				GCC_WARN_64_TO_32_BIT_CONVERSION = YES;
				GCC_WARN_ABOUT_RETURN_TYPE = YES_ERROR;
				GCC_WARN_UNDECLARED_SELECTOR = YES;
				GCC_WARN_UNINITIALIZED_AUTOS = YES_AGGRESSIVE;
				GCC_WARN_UNUSED_FUNCTION = YES;
				GCC_WARN_UNUSED_VARIABLE = YES;
				IPHONEOS_DEPLOYMENT_TARGET = 11.4;
				MTL_ENABLE_DEBUG_INFO = NO;
				SDKROOT = iphoneos;
				SWIFT_COMPILATION_MODE = wholemodule;
				SWIFT_OPTIMIZATION_LEVEL = "-O";
				VALIDATE_PRODUCT = YES;
			};
			name = Release;
		};
		466941782110E22B00E7FF73 /* Debug */ = {
			isa = XCBuildConfiguration;
			buildSettings = {
				ASSETCATALOG_COMPILER_APPICON_NAME = AppIcon;
				CODE_SIGN_STYLE = Automatic;
				DEVELOPMENT_TEAM = VXUQXR6S56;
				INFOPLIST_FILE = "Reading List/Info.plist";
				LD_RUNPATH_SEARCH_PATHS = (
					"$(inherited)",
					"@executable_path/Frameworks",
				);
				PRODUCT_BUNDLE_IDENTIFIER = "com.LambdaSchool.Reading-List";
				PRODUCT_NAME = "$(TARGET_NAME)";
				SWIFT_VERSION = 4.0;
				TARGETED_DEVICE_FAMILY = "1,2";
			};
			name = Debug;
		};
		466941792110E22B00E7FF73 /* Release */ = {
			isa = XCBuildConfiguration;
			buildSettings = {
				ASSETCATALOG_COMPILER_APPICON_NAME = AppIcon;
				CODE_SIGN_STYLE = Automatic;
				DEVELOPMENT_TEAM = VXUQXR6S56;
				INFOPLIST_FILE = "Reading List/Info.plist";
				LD_RUNPATH_SEARCH_PATHS = (
					"$(inherited)",
					"@executable_path/Frameworks",
				);
				PRODUCT_BUNDLE_IDENTIFIER = "com.LambdaSchool.Reading-List";
				PRODUCT_NAME = "$(TARGET_NAME)";
				SWIFT_VERSION = 4.0;
				TARGETED_DEVICE_FAMILY = "1,2";
			};
			name = Release;
		};
/* End XCBuildConfiguration section */

/* Begin XCConfigurationList section */
		466941602110E22A00E7FF73 /* Build configuration list for PBXProject "Reading List" */ = {
			isa = XCConfigurationList;
			buildConfigurations = (
				466941752110E22B00E7FF73 /* Debug */,
				466941762110E22B00E7FF73 /* Release */,
			);
			defaultConfigurationIsVisible = 0;
			defaultConfigurationName = Release;
		};
		466941772110E22B00E7FF73 /* Build configuration list for PBXNativeTarget "Reading List" */ = {
			isa = XCConfigurationList;
			buildConfigurations = (
				466941782110E22B00E7FF73 /* Debug */,
				466941792110E22B00E7FF73 /* Release */,
			);
			defaultConfigurationIsVisible = 0;
			defaultConfigurationName = Release;
		};
/* End XCConfigurationList section */
	};
	rootObject = 4669415D2110E22A00E7FF73 /* Project object */;
}
