// !$*UTF8*$!
{
	archiveVersion = 1;
	classes = {
	};
	objectVersion = 50;
	objects = {

/* Begin PBXBuildFile section */
		6D248D1223F30404008D31C0 /* AppDelegate.swift in Sources */ = {isa = PBXBuildFile; fileRef = 6D248D1123F30404008D31C0 /* AppDelegate.swift */; };
		6D248D1423F30404008D31C0 /* SceneDelegate.swift in Sources */ = {isa = PBXBuildFile; fileRef = 6D248D1323F30404008D31C0 /* SceneDelegate.swift */; };
		6D248D1623F30404008D31C0 /* ViewController.swift in Sources */ = {isa = PBXBuildFile; fileRef = 6D248D1523F30404008D31C0 /* ViewController.swift */; };
		6D248D1923F30404008D31C0 /* Main.storyboard in Resources */ = {isa = PBXBuildFile; fileRef = 6D248D1723F30404008D31C0 /* Main.storyboard */; };
		6D248D1B23F30408008D31C0 /* Assets.xcassets in Resources */ = {isa = PBXBuildFile; fileRef = 6D248D1A23F30408008D31C0 /* Assets.xcassets */; };
		6D248D1E23F30408008D31C0 /* LaunchScreen.storyboard in Resources */ = {isa = PBXBuildFile; fileRef = 6D248D1C23F30408008D31C0 /* LaunchScreen.storyboard */; };
		6D248D2823F3047B008D31C0 /* SearchResult.swift in Sources */ = {isa = PBXBuildFile; fileRef = 6D248D2723F3047B008D31C0 /* SearchResult.swift */; };
		6D248D2A23F30665008D31C0 /* ResultType.swift in Sources */ = {isa = PBXBuildFile; fileRef = 6D248D2923F30665008D31C0 /* ResultType.swift */; };
		6D248D2E23F306EF008D31C0 /* SearchResultController.swift in Sources */ = {isa = PBXBuildFile; fileRef = 6D248D2D23F306EF008D31C0 /* SearchResultController.swift */; };
/* End PBXBuildFile section */

/* Begin PBXFileReference section */
		6D248D0E23F30404008D31C0 /* ItuneSearch.app */ = {isa = PBXFileReference; explicitFileType = wrapper.application; includeInIndex = 0; path = ItuneSearch.app; sourceTree = BUILT_PRODUCTS_DIR; };
		6D248D1123F30404008D31C0 /* AppDelegate.swift */ = {isa = PBXFileReference; lastKnownFileType = sourcecode.swift; path = AppDelegate.swift; sourceTree = "<group>"; };
		6D248D1323F30404008D31C0 /* SceneDelegate.swift */ = {isa = PBXFileReference; lastKnownFileType = sourcecode.swift; path = SceneDelegate.swift; sourceTree = "<group>"; };
		6D248D1523F30404008D31C0 /* ViewController.swift */ = {isa = PBXFileReference; lastKnownFileType = sourcecode.swift; path = ViewController.swift; sourceTree = "<group>"; };
		6D248D1823F30404008D31C0 /* Base */ = {isa = PBXFileReference; lastKnownFileType = file.storyboard; name = Base; path = Base.lproj/Main.storyboard; sourceTree = "<group>"; };
		6D248D1A23F30408008D31C0 /* Assets.xcassets */ = {isa = PBXFileReference; lastKnownFileType = folder.assetcatalog; path = Assets.xcassets; sourceTree = "<group>"; };
		6D248D1D23F30408008D31C0 /* Base */ = {isa = PBXFileReference; lastKnownFileType = file.storyboard; name = Base; path = Base.lproj/LaunchScreen.storyboard; sourceTree = "<group>"; };
		6D248D1F23F30408008D31C0 /* Info.plist */ = {isa = PBXFileReference; lastKnownFileType = text.plist.xml; path = Info.plist; sourceTree = "<group>"; };
		6D248D2723F3047B008D31C0 /* SearchResult.swift */ = {isa = PBXFileReference; lastKnownFileType = sourcecode.swift; path = SearchResult.swift; sourceTree = "<group>"; };
		6D248D2923F30665008D31C0 /* ResultType.swift */ = {isa = PBXFileReference; lastKnownFileType = sourcecode.swift; path = ResultType.swift; sourceTree = "<group>"; };
		6D248D2D23F306EF008D31C0 /* SearchResultController.swift */ = {isa = PBXFileReference; lastKnownFileType = sourcecode.swift; path = SearchResultController.swift; sourceTree = "<group>"; };
/* End PBXFileReference section */

/* Begin PBXFrameworksBuildPhase section */
		6D248D0B23F30404008D31C0 /* Frameworks */ = {
			isa = PBXFrameworksBuildPhase;
			buildActionMask = 2147483647;
			files = (
			);
			runOnlyForDeploymentPostprocessing = 0;
		};
/* End PBXFrameworksBuildPhase section */

/* Begin PBXGroup section */
		6D248D0523F30404008D31C0 = {
			isa = PBXGroup;
			children = (
				6D248D1023F30404008D31C0 /* ItuneSearch */,
				6D248D0F23F30404008D31C0 /* Products */,
			);
			sourceTree = "<group>";
		};
		6D248D0F23F30404008D31C0 /* Products */ = {
			isa = PBXGroup;
			children = (
				6D248D0E23F30404008D31C0 /* ItuneSearch.app */,
			);
			name = Products;
			sourceTree = "<group>";
		};
		6D248D1023F30404008D31C0 /* ItuneSearch */ = {
			isa = PBXGroup;
			children = (
				6D248D2C23F306E2008D31C0 /* Controller */,
				6D248D2623F30472008D31C0 /* Model */,
				6D248D2523F3046E008D31C0 /* View */,
				6D248D1123F30404008D31C0 /* AppDelegate.swift */,
				6D248D1323F30404008D31C0 /* SceneDelegate.swift */,
				6D248D1523F30404008D31C0 /* ViewController.swift */,
				6D248D1723F30404008D31C0 /* Main.storyboard */,
				6D248D1A23F30408008D31C0 /* Assets.xcassets */,
				6D248D1C23F30408008D31C0 /* LaunchScreen.storyboard */,
				6D248D1F23F30408008D31C0 /* Info.plist */,
			);
			path = ItuneSearch;
			sourceTree = "<group>";
		};
		6D248D2523F3046E008D31C0 /* View */ = {
			isa = PBXGroup;
			children = (
			);
			path = View;
			sourceTree = "<group>";
		};
		6D248D2623F30472008D31C0 /* Model */ = {
			isa = PBXGroup;
			children = (
				6D248D2723F3047B008D31C0 /* SearchResult.swift */,
				6D248D2923F30665008D31C0 /* ResultType.swift */,
			);
			path = Model;
			sourceTree = "<group>";
		};
		6D248D2C23F306E2008D31C0 /* Controller */ = {
			isa = PBXGroup;
			children = (
				6D248D2D23F306EF008D31C0 /* SearchResultController.swift */,
			);
			path = Controller;
			sourceTree = "<group>";
		};
/* End PBXGroup section */

/* Begin PBXNativeTarget section */
		6D248D0D23F30404008D31C0 /* ItuneSearch */ = {
			isa = PBXNativeTarget;
			buildConfigurationList = 6D248D2223F30408008D31C0 /* Build configuration list for PBXNativeTarget "ItuneSearch" */;
			buildPhases = (
				6D248D0A23F30404008D31C0 /* Sources */,
				6D248D0B23F30404008D31C0 /* Frameworks */,
				6D248D0C23F30404008D31C0 /* Resources */,
			);
			buildRules = (
			);
			dependencies = (
			);
			name = ItuneSearch;
			productName = ItuneSearch;
			productReference = 6D248D0E23F30404008D31C0 /* ItuneSearch.app */;
			productType = "com.apple.product-type.application";
		};
/* End PBXNativeTarget section */

/* Begin PBXProject section */
		6D248D0623F30404008D31C0 /* Project object */ = {
			isa = PBXProject;
			attributes = {
				LastSwiftUpdateCheck = 1130;
				LastUpgradeCheck = 1130;
				ORGANIZATIONNAME = "Kerby Jean";
				TargetAttributes = {
					6D248D0D23F30404008D31C0 = {
						CreatedOnToolsVersion = 11.3.1;
					};
				};
			};
			buildConfigurationList = 6D248D0923F30404008D31C0 /* Build configuration list for PBXProject "ItuneSearch" */;
			compatibilityVersion = "Xcode 9.3";
			developmentRegion = en;
			hasScannedForEncodings = 0;
			knownRegions = (
				en,
				Base,
			);
			mainGroup = 6D248D0523F30404008D31C0;
			productRefGroup = 6D248D0F23F30404008D31C0 /* Products */;
			projectDirPath = "";
			projectRoot = "";
			targets = (
				6D248D0D23F30404008D31C0 /* ItuneSearch */,
			);
		};
/* End PBXProject section */

/* Begin PBXResourcesBuildPhase section */
		6D248D0C23F30404008D31C0 /* Resources */ = {
			isa = PBXResourcesBuildPhase;
			buildActionMask = 2147483647;
			files = (
				6D248D1E23F30408008D31C0 /* LaunchScreen.storyboard in Resources */,
				6D248D1B23F30408008D31C0 /* Assets.xcassets in Resources */,
				6D248D1923F30404008D31C0 /* Main.storyboard in Resources */,
			);
			runOnlyForDeploymentPostprocessing = 0;
		};
/* End PBXResourcesBuildPhase section */

/* Begin PBXSourcesBuildPhase section */
		6D248D0A23F30404008D31C0 /* Sources */ = {
			isa = PBXSourcesBuildPhase;
			buildActionMask = 2147483647;
			files = (
				6D248D2E23F306EF008D31C0 /* SearchResultController.swift in Sources */,
				6D248D2A23F30665008D31C0 /* ResultType.swift in Sources */,
				6D248D1623F30404008D31C0 /* ViewController.swift in Sources */,
				6D248D1223F30404008D31C0 /* AppDelegate.swift in Sources */,
				6D248D2823F3047B008D31C0 /* SearchResult.swift in Sources */,
				6D248D1423F30404008D31C0 /* SceneDelegate.swift in Sources */,
			);
			runOnlyForDeploymentPostprocessing = 0;
		};
/* End PBXSourcesBuildPhase section */

/* Begin PBXVariantGroup section */
		6D248D1723F30404008D31C0 /* Main.storyboard */ = {
			isa = PBXVariantGroup;
			children = (
				6D248D1823F30404008D31C0 /* Base */,
			);
			name = Main.storyboard;
			sourceTree = "<group>";
		};
		6D248D1C23F30408008D31C0 /* LaunchScreen.storyboard */ = {
			isa = PBXVariantGroup;
			children = (
				6D248D1D23F30408008D31C0 /* Base */,
			);
			name = LaunchScreen.storyboard;
			sourceTree = "<group>";
		};
/* End PBXVariantGroup section */

/* Begin XCBuildConfiguration section */
		6D248D2023F30408008D31C0 /* Debug */ = {
			isa = XCBuildConfiguration;
			buildSettings = {
				ALWAYS_SEARCH_USER_PATHS = NO;
				CLANG_ANALYZER_NONNULL = YES;
				CLANG_ANALYZER_NUMBER_OBJECT_CONVERSION = YES_AGGRESSIVE;
				CLANG_CXX_LANGUAGE_STANDARD = "gnu++14";
				CLANG_CXX_LIBRARY = "libc++";
				CLANG_ENABLE_MODULES = YES;
				CLANG_ENABLE_OBJC_ARC = YES;
				CLANG_ENABLE_OBJC_WEAK = YES;
				CLANG_WARN_BLOCK_CAPTURE_AUTORELEASING = YES;
				CLANG_WARN_BOOL_CONVERSION = YES;
				CLANG_WARN_COMMA = YES;
				CLANG_WARN_CONSTANT_CONVERSION = YES;
				CLANG_WARN_DEPRECATED_OBJC_IMPLEMENTATIONS = YES;
				CLANG_WARN_DIRECT_OBJC_ISA_USAGE = YES_ERROR;
				CLANG_WARN_DOCUMENTATION_COMMENTS = YES;
				CLANG_WARN_EMPTY_BODY = YES;
				CLANG_WARN_ENUM_CONVERSION = YES;
				CLANG_WARN_INFINITE_RECURSION = YES;
				CLANG_WARN_INT_CONVERSION = YES;
				CLANG_WARN_NON_LITERAL_NULL_CONVERSION = YES;
				CLANG_WARN_OBJC_IMPLICIT_RETAIN_SELF = YES;
				CLANG_WARN_OBJC_LITERAL_CONVERSION = YES;
				CLANG_WARN_OBJC_ROOT_CLASS = YES_ERROR;
				CLANG_WARN_RANGE_LOOP_ANALYSIS = YES;
				CLANG_WARN_STRICT_PROTOTYPES = YES;
				CLANG_WARN_SUSPICIOUS_MOVE = YES;
				CLANG_WARN_UNGUARDED_AVAILABILITY = YES_AGGRESSIVE;
				CLANG_WARN_UNREACHABLE_CODE = YES;
				CLANG_WARN__DUPLICATE_METHOD_MATCH = YES;
				COPY_PHASE_STRIP = NO;
				DEBUG_INFORMATION_FORMAT = dwarf;
				ENABLE_STRICT_OBJC_MSGSEND = YES;
				ENABLE_TESTABILITY = YES;
				GCC_C_LANGUAGE_STANDARD = gnu11;
				GCC_DYNAMIC_NO_PIC = NO;
				GCC_NO_COMMON_BLOCKS = YES;
				GCC_OPTIMIZATION_LEVEL = 0;
				GCC_PREPROCESSOR_DEFINITIONS = (
					"DEBUG=1",
					"$(inherited)",
				);
				GCC_WARN_64_TO_32_BIT_CONVERSION = YES;
				GCC_WARN_ABOUT_RETURN_TYPE = YES_ERROR;
				GCC_WARN_UNDECLARED_SELECTOR = YES;
				GCC_WARN_UNINITIALIZED_AUTOS = YES_AGGRESSIVE;
				GCC_WARN_UNUSED_FUNCTION = YES;
				GCC_WARN_UNUSED_VARIABLE = YES;
				IPHONEOS_DEPLOYMENT_TARGET = 13.2;
				MTL_ENABLE_DEBUG_INFO = INCLUDE_SOURCE;
				MTL_FAST_MATH = YES;
				ONLY_ACTIVE_ARCH = YES;
				SDKROOT = iphoneos;
				SWIFT_ACTIVE_COMPILATION_CONDITIONS = DEBUG;
				SWIFT_OPTIMIZATION_LEVEL = "-Onone";
			};
			name = Debug;
		};
		6D248D2123F30408008D31C0 /* Release */ = {
			isa = XCBuildConfiguration;
			buildSettings = {
				ALWAYS_SEARCH_USER_PATHS = NO;
				CLANG_ANALYZER_NONNULL = YES;
				CLANG_ANALYZER_NUMBER_OBJECT_CONVERSION = YES_AGGRESSIVE;
				CLANG_CXX_LANGUAGE_STANDARD = "gnu++14";
				CLANG_CXX_LIBRARY = "libc++";
				CLANG_ENABLE_MODULES = YES;
				CLANG_ENABLE_OBJC_ARC = YES;
				CLANG_ENABLE_OBJC_WEAK = YES;
				CLANG_WARN_BLOCK_CAPTURE_AUTORELEASING = YES;
				CLANG_WARN_BOOL_CONVERSION = YES;
				CLANG_WARN_COMMA = YES;
				CLANG_WARN_CONSTANT_CONVERSION = YES;
				CLANG_WARN_DEPRECATED_OBJC_IMPLEMENTATIONS = YES;
				CLANG_WARN_DIRECT_OBJC_ISA_USAGE = YES_ERROR;
				CLANG_WARN_DOCUMENTATION_COMMENTS = YES;
				CLANG_WARN_EMPTY_BODY = YES;
				CLANG_WARN_ENUM_CONVERSION = YES;
				CLANG_WARN_INFINITE_RECURSION = YES;
				CLANG_WARN_INT_CONVERSION = YES;
				CLANG_WARN_NON_LITERAL_NULL_CONVERSION = YES;
				CLANG_WARN_OBJC_IMPLICIT_RETAIN_SELF = YES;
				CLANG_WARN_OBJC_LITERAL_CONVERSION = YES;
				CLANG_WARN_OBJC_ROOT_CLASS = YES_ERROR;
				CLANG_WARN_RANGE_LOOP_ANALYSIS = YES;
				CLANG_WARN_STRICT_PROTOTYPES = YES;
				CLANG_WARN_SUSPICIOUS_MOVE = YES;
				CLANG_WARN_UNGUARDED_AVAILABILITY = YES_AGGRESSIVE;
				CLANG_WARN_UNREACHABLE_CODE = YES;
				CLANG_WARN__DUPLICATE_METHOD_MATCH = YES;
				COPY_PHASE_STRIP = NO;
				DEBUG_INFORMATION_FORMAT = "dwarf-with-dsym";
				ENABLE_NS_ASSERTIONS = NO;
				ENABLE_STRICT_OBJC_MSGSEND = YES;
				GCC_C_LANGUAGE_STANDARD = gnu11;
				GCC_NO_COMMON_BLOCKS = YES;
				GCC_WARN_64_TO_32_BIT_CONVERSION = YES;
				GCC_WARN_ABOUT_RETURN_TYPE = YES_ERROR;
				GCC_WARN_UNDECLARED_SELECTOR = YES;
				GCC_WARN_UNINITIALIZED_AUTOS = YES_AGGRESSIVE;
				GCC_WARN_UNUSED_FUNCTION = YES;
				GCC_WARN_UNUSED_VARIABLE = YES;
				IPHONEOS_DEPLOYMENT_TARGET = 13.2;
				MTL_ENABLE_DEBUG_INFO = NO;
				MTL_FAST_MATH = YES;
				SDKROOT = iphoneos;
				SWIFT_COMPILATION_MODE = wholemodule;
				SWIFT_OPTIMIZATION_LEVEL = "-O";
				VALIDATE_PRODUCT = YES;
			};
			name = Release;
		};
		6D248D2323F30408008D31C0 /* Debug */ = {
			isa = XCBuildConfiguration;
			buildSettings = {
				ASSETCATALOG_COMPILER_APPICON_NAME = AppIcon;
				CODE_SIGN_STYLE = Automatic;
				DEVELOPMENT_TEAM = FHE2BMTPG3;
				INFOPLIST_FILE = ItuneSearch/Info.plist;
				LD_RUNPATH_SEARCH_PATHS = (
					"$(inherited)",
					"@executable_path/Frameworks",
				);
				PRODUCT_BUNDLE_IDENTIFIER = com.map.kurbs.ItuneSearch;
				PRODUCT_NAME = "$(TARGET_NAME)";
				SWIFT_VERSION = 5.0;
				TARGETED_DEVICE_FAMILY = "1,2";
			};
			name = Debug;
		};
		6D248D2423F30408008D31C0 /* Release */ = {
			isa = XCBuildConfiguration;
			buildSettings = {
				ASSETCATALOG_COMPILER_APPICON_NAME = AppIcon;
				CODE_SIGN_STYLE = Automatic;
				DEVELOPMENT_TEAM = FHE2BMTPG3;
				INFOPLIST_FILE = ItuneSearch/Info.plist;
				LD_RUNPATH_SEARCH_PATHS = (
					"$(inherited)",
					"@executable_path/Frameworks",
				);
				PRODUCT_BUNDLE_IDENTIFIER = com.map.kurbs.ItuneSearch;
				PRODUCT_NAME = "$(TARGET_NAME)";
				SWIFT_VERSION = 5.0;
				TARGETED_DEVICE_FAMILY = "1,2";
			};
			name = Release;
		};
/* End XCBuildConfiguration section */

/* Begin XCConfigurationList section */
		6D248D0923F30404008D31C0 /* Build configuration list for PBXProject "ItuneSearch" */ = {
			isa = XCConfigurationList;
			buildConfigurations = (
				6D248D2023F30408008D31C0 /* Debug */,
				6D248D2123F30408008D31C0 /* Release */,
			);
			defaultConfigurationIsVisible = 0;
			defaultConfigurationName = Release;
		};
		6D248D2223F30408008D31C0 /* Build configuration list for PBXNativeTarget "ItuneSearch" */ = {
			isa = XCConfigurationList;
			buildConfigurations = (
				6D248D2323F30408008D31C0 /* Debug */,
				6D248D2423F30408008D31C0 /* Release */,
			);
			defaultConfigurationIsVisible = 0;
			defaultConfigurationName = Release;
		};
/* End XCConfigurationList section */
	};
	rootObject = 6D248D0623F30404008D31C0 /* Project object */;
}
