// !$*UTF8*$!
{
	archiveVersion = 1;
	classes = {
	};
	objectVersion = 50;
	objects = {

/* Begin PBXBuildFile section */
		6D46D24623E29B880094DD10 /* AppDelegate.swift in Sources */ = {isa = PBXBuildFile; fileRef = 6D46D24523E29B880094DD10 /* AppDelegate.swift */; };
		6D46D24823E29B880094DD10 /* SceneDelegate.swift in Sources */ = {isa = PBXBuildFile; fileRef = 6D46D24723E29B880094DD10 /* SceneDelegate.swift */; };
		6D46D24A23E29B880094DD10 /* ViewController.swift in Sources */ = {isa = PBXBuildFile; fileRef = 6D46D24923E29B880094DD10 /* ViewController.swift */; };
		6D46D24D23E29B880094DD10 /* Main.storyboard in Resources */ = {isa = PBXBuildFile; fileRef = 6D46D24B23E29B880094DD10 /* Main.storyboard */; };
		6D46D24F23E29B8C0094DD10 /* Assets.xcassets in Resources */ = {isa = PBXBuildFile; fileRef = 6D46D24E23E29B8C0094DD10 /* Assets.xcassets */; };
		6D46D25223E29B8C0094DD10 /* LaunchScreen.storyboard in Resources */ = {isa = PBXBuildFile; fileRef = 6D46D25023E29B8C0094DD10 /* LaunchScreen.storyboard */; };
		6D46D25D23E29B8C0094DD10 /* PhotoCollectionTests.swift in Sources */ = {isa = PBXBuildFile; fileRef = 6D46D25C23E29B8C0094DD10 /* PhotoCollectionTests.swift */; };
		6D46D26823E29B8C0094DD10 /* PhotoCollectionUITests.swift in Sources */ = {isa = PBXBuildFile; fileRef = 6D46D26723E29B8C0094DD10 /* PhotoCollectionUITests.swift */; };
		6D46D27723E29C180094DD10 /* Photo.swift in Sources */ = {isa = PBXBuildFile; fileRef = 6D46D27623E29C180094DD10 /* Photo.swift */; };
		6D46D28023E34DFC0094DD10 /* PhotoController.swift in Sources */ = {isa = PBXBuildFile; fileRef = 6D46D27F23E34DFC0094DD10 /* PhotoController.swift */; };
		6D46D28323E34ED90094DD10 /* ThemeHelper.swift in Sources */ = {isa = PBXBuildFile; fileRef = 6D46D28223E34ED90094DD10 /* ThemeHelper.swift */; };
		6D46D28523E352B40094DD10 /* PhotosCollectionView.swift in Sources */ = {isa = PBXBuildFile; fileRef = 6D46D28423E352B40094DD10 /* PhotosCollectionView.swift */; };
		6D46D28823E352DA0094DD10 /* PhotoCell.swift in Sources */ = {isa = PBXBuildFile; fileRef = 6D46D28723E352DA0094DD10 /* PhotoCell.swift */; };
		6D46D28A23E35B450094DD10 /* ThemeSelectionViewController.swift in Sources */ = {isa = PBXBuildFile; fileRef = 6D46D28923E35B450094DD10 /* ThemeSelectionViewController.swift */; };
		6D46D28C23E377AD0094DD10 /* PhotoDetailViewController.swift in Sources */ = {isa = PBXBuildFile; fileRef = 6D46D28B23E377AD0094DD10 /* PhotoDetailViewController.swift */; };
/* End PBXBuildFile section */

/* Begin PBXContainerItemProxy section */
		6D46D25923E29B8C0094DD10 /* PBXContainerItemProxy */ = {
			isa = PBXContainerItemProxy;
			containerPortal = 6D46D23A23E29B880094DD10 /* Project object */;
			proxyType = 1;
			remoteGlobalIDString = 6D46D24123E29B880094DD10;
			remoteInfo = PhotoCollection;
		};
		6D46D26423E29B8C0094DD10 /* PBXContainerItemProxy */ = {
			isa = PBXContainerItemProxy;
			containerPortal = 6D46D23A23E29B880094DD10 /* Project object */;
			proxyType = 1;
			remoteGlobalIDString = 6D46D24123E29B880094DD10;
			remoteInfo = PhotoCollection;
		};
/* End PBXContainerItemProxy section */

/* Begin PBXFileReference section */
		6D46D24223E29B880094DD10 /* PhotoCollection.app */ = {isa = PBXFileReference; explicitFileType = wrapper.application; includeInIndex = 0; path = PhotoCollection.app; sourceTree = BUILT_PRODUCTS_DIR; };
		6D46D24523E29B880094DD10 /* AppDelegate.swift */ = {isa = PBXFileReference; lastKnownFileType = sourcecode.swift; path = AppDelegate.swift; sourceTree = "<group>"; };
		6D46D24723E29B880094DD10 /* SceneDelegate.swift */ = {isa = PBXFileReference; lastKnownFileType = sourcecode.swift; path = SceneDelegate.swift; sourceTree = "<group>"; };
		6D46D24923E29B880094DD10 /* ViewController.swift */ = {isa = PBXFileReference; lastKnownFileType = sourcecode.swift; path = ViewController.swift; sourceTree = "<group>"; };
		6D46D24C23E29B880094DD10 /* Base */ = {isa = PBXFileReference; lastKnownFileType = file.storyboard; name = Base; path = Base.lproj/Main.storyboard; sourceTree = "<group>"; };
		6D46D24E23E29B8C0094DD10 /* Assets.xcassets */ = {isa = PBXFileReference; lastKnownFileType = folder.assetcatalog; path = Assets.xcassets; sourceTree = "<group>"; };
		6D46D25123E29B8C0094DD10 /* Base */ = {isa = PBXFileReference; lastKnownFileType = file.storyboard; name = Base; path = Base.lproj/LaunchScreen.storyboard; sourceTree = "<group>"; };
		6D46D25323E29B8C0094DD10 /* Info.plist */ = {isa = PBXFileReference; lastKnownFileType = text.plist.xml; path = Info.plist; sourceTree = "<group>"; };
		6D46D25823E29B8C0094DD10 /* PhotoCollectionTests.xctest */ = {isa = PBXFileReference; explicitFileType = wrapper.cfbundle; includeInIndex = 0; path = PhotoCollectionTests.xctest; sourceTree = BUILT_PRODUCTS_DIR; };
		6D46D25C23E29B8C0094DD10 /* PhotoCollectionTests.swift */ = {isa = PBXFileReference; lastKnownFileType = sourcecode.swift; path = PhotoCollectionTests.swift; sourceTree = "<group>"; };
		6D46D25E23E29B8C0094DD10 /* Info.plist */ = {isa = PBXFileReference; lastKnownFileType = text.plist.xml; path = Info.plist; sourceTree = "<group>"; };
		6D46D26323E29B8C0094DD10 /* PhotoCollectionUITests.xctest */ = {isa = PBXFileReference; explicitFileType = wrapper.cfbundle; includeInIndex = 0; path = PhotoCollectionUITests.xctest; sourceTree = BUILT_PRODUCTS_DIR; };
		6D46D26723E29B8C0094DD10 /* PhotoCollectionUITests.swift */ = {isa = PBXFileReference; lastKnownFileType = sourcecode.swift; path = PhotoCollectionUITests.swift; sourceTree = "<group>"; };
		6D46D26923E29B8C0094DD10 /* Info.plist */ = {isa = PBXFileReference; lastKnownFileType = text.plist.xml; path = Info.plist; sourceTree = "<group>"; };
		6D46D27623E29C180094DD10 /* Photo.swift */ = {isa = PBXFileReference; lastKnownFileType = sourcecode.swift; path = Photo.swift; sourceTree = SOURCE_ROOT; };
		6D46D27F23E34DFC0094DD10 /* PhotoController.swift */ = {isa = PBXFileReference; lastKnownFileType = sourcecode.swift; name = PhotoController.swift; path = PhotoCollection/Controller/PhotoController.swift; sourceTree = SOURCE_ROOT; };
		6D46D28223E34ED90094DD10 /* ThemeHelper.swift */ = {isa = PBXFileReference; lastKnownFileType = sourcecode.swift; name = ThemeHelper.swift; path = PhotoCollection/ThemeHelper.swift; sourceTree = SOURCE_ROOT; };
		6D46D28423E352B40094DD10 /* PhotosCollectionView.swift */ = {isa = PBXFileReference; lastKnownFileType = sourcecode.swift; path = PhotosCollectionView.swift; sourceTree = "<group>"; };
		6D46D28723E352DA0094DD10 /* PhotoCell.swift */ = {isa = PBXFileReference; lastKnownFileType = sourcecode.swift; path = PhotoCell.swift; sourceTree = SOURCE_ROOT; };
		6D46D28923E35B450094DD10 /* ThemeSelectionViewController.swift */ = {isa = PBXFileReference; lastKnownFileType = sourcecode.swift; path = ThemeSelectionViewController.swift; sourceTree = "<group>"; };
		6D46D28B23E377AD0094DD10 /* PhotoDetailViewController.swift */ = {isa = PBXFileReference; lastKnownFileType = sourcecode.swift; path = PhotoDetailViewController.swift; sourceTree = "<group>"; };
/* End PBXFileReference section */

/* Begin PBXFrameworksBuildPhase section */
		6D46D23F23E29B880094DD10 /* Frameworks */ = {
			isa = PBXFrameworksBuildPhase;
			buildActionMask = 2147483647;
			files = (
			);
			runOnlyForDeploymentPostprocessing = 0;
		};
		6D46D25523E29B8C0094DD10 /* Frameworks */ = {
			isa = PBXFrameworksBuildPhase;
			buildActionMask = 2147483647;
			files = (
			);
			runOnlyForDeploymentPostprocessing = 0;
		};
		6D46D26023E29B8C0094DD10 /* Frameworks */ = {
			isa = PBXFrameworksBuildPhase;
			buildActionMask = 2147483647;
			files = (
			);
			runOnlyForDeploymentPostprocessing = 0;
		};
/* End PBXFrameworksBuildPhase section */

/* Begin PBXGroup section */
		6D46D23923E29B880094DD10 = {
			isa = PBXGroup;
			children = (
				6D46D24423E29B880094DD10 /* PhotoCollection */,
				6D46D25B23E29B8C0094DD10 /* PhotoCollectionTests */,
				6D46D26623E29B8C0094DD10 /* PhotoCollectionUITests */,
				6D46D24323E29B880094DD10 /* Products */,
			);
			sourceTree = "<group>";
		};
		6D46D24323E29B880094DD10 /* Products */ = {
			isa = PBXGroup;
			children = (
				6D46D24223E29B880094DD10 /* PhotoCollection.app */,
				6D46D25823E29B8C0094DD10 /* PhotoCollectionTests.xctest */,
				6D46D26323E29B8C0094DD10 /* PhotoCollectionUITests.xctest */,
			);
			name = Products;
			sourceTree = "<group>";
		};
		6D46D24423E29B880094DD10 /* PhotoCollection */ = {
			isa = PBXGroup;
			children = (
				6D46D28623E352CE0094DD10 /* View */,
				6D46D28123E34ECB0094DD10 /* Controller */,
				6D46D27C23E34C310094DD10 /* Helper */,
				6D46D27523E29C0E0094DD10 /* Model */,
				6D46D27B23E34C140094DD10 /* View Controller */,
				6D46D24523E29B880094DD10 /* AppDelegate.swift */,
				6D46D24723E29B880094DD10 /* SceneDelegate.swift */,
				6D46D24923E29B880094DD10 /* ViewController.swift */,
				6D46D24B23E29B880094DD10 /* Main.storyboard */,
				6D46D24E23E29B8C0094DD10 /* Assets.xcassets */,
				6D46D25023E29B8C0094DD10 /* LaunchScreen.storyboard */,
				6D46D25323E29B8C0094DD10 /* Info.plist */,
			);
			path = PhotoCollection;
			sourceTree = "<group>";
		};
		6D46D25B23E29B8C0094DD10 /* PhotoCollectionTests */ = {
			isa = PBXGroup;
			children = (
				6D46D25C23E29B8C0094DD10 /* PhotoCollectionTests.swift */,
				6D46D25E23E29B8C0094DD10 /* Info.plist */,
			);
			path = PhotoCollectionTests;
			sourceTree = "<group>";
		};
		6D46D26623E29B8C0094DD10 /* PhotoCollectionUITests */ = {
			isa = PBXGroup;
			children = (
				6D46D26723E29B8C0094DD10 /* PhotoCollectionUITests.swift */,
				6D46D26923E29B8C0094DD10 /* Info.plist */,
			);
			path = PhotoCollectionUITests;
			sourceTree = "<group>";
		};
		6D46D27523E29C0E0094DD10 /* Model */ = {
			isa = PBXGroup;
			children = (
				6D46D27623E29C180094DD10 /* Photo.swift */,
			);
			path = Model;
			sourceTree = "<group>";
		};
		6D46D27B23E34C140094DD10 /* View Controller */ = {
			isa = PBXGroup;
			children = (
				6D46D28423E352B40094DD10 /* PhotosCollectionView.swift */,
				6D46D28923E35B450094DD10 /* ThemeSelectionViewController.swift */,
				6D46D28B23E377AD0094DD10 /* PhotoDetailViewController.swift */,
			);
			path = "View Controller";
			sourceTree = "<group>";
		};
		6D46D27C23E34C310094DD10 /* Helper */ = {
			isa = PBXGroup;
			children = (
				6D46D28223E34ED90094DD10 /* ThemeHelper.swift */,
			);
			path = Helper;
			sourceTree = "<group>";
		};
		6D46D28123E34ECB0094DD10 /* Controller */ = {
			isa = PBXGroup;
			children = (
				6D46D27F23E34DFC0094DD10 /* PhotoController.swift */,
			);
			path = Controller;
			sourceTree = "<group>";
		};
		6D46D28623E352CE0094DD10 /* View */ = {
			isa = PBXGroup;
			children = (
				6D46D28723E352DA0094DD10 /* PhotoCell.swift */,
			);
			path = View;
			sourceTree = "<group>";
		};
/* End PBXGroup section */

/* Begin PBXNativeTarget section */
		6D46D24123E29B880094DD10 /* PhotoCollection */ = {
			isa = PBXNativeTarget;
			buildConfigurationList = 6D46D26C23E29B8C0094DD10 /* Build configuration list for PBXNativeTarget "PhotoCollection" */;
			buildPhases = (
				6D46D23E23E29B880094DD10 /* Sources */,
				6D46D23F23E29B880094DD10 /* Frameworks */,
				6D46D24023E29B880094DD10 /* Resources */,
			);
			buildRules = (
			);
			dependencies = (
			);
			name = PhotoCollection;
			productName = PhotoCollection;
			productReference = 6D46D24223E29B880094DD10 /* PhotoCollection.app */;
			productType = "com.apple.product-type.application";
		};
		6D46D25723E29B8C0094DD10 /* PhotoCollectionTests */ = {
			isa = PBXNativeTarget;
			buildConfigurationList = 6D46D26F23E29B8C0094DD10 /* Build configuration list for PBXNativeTarget "PhotoCollectionTests" */;
			buildPhases = (
				6D46D25423E29B8C0094DD10 /* Sources */,
				6D46D25523E29B8C0094DD10 /* Frameworks */,
				6D46D25623E29B8C0094DD10 /* Resources */,
			);
			buildRules = (
			);
			dependencies = (
				6D46D25A23E29B8C0094DD10 /* PBXTargetDependency */,
			);
			name = PhotoCollectionTests;
			productName = PhotoCollectionTests;
			productReference = 6D46D25823E29B8C0094DD10 /* PhotoCollectionTests.xctest */;
			productType = "com.apple.product-type.bundle.unit-test";
		};
		6D46D26223E29B8C0094DD10 /* PhotoCollectionUITests */ = {
			isa = PBXNativeTarget;
			buildConfigurationList = 6D46D27223E29B8C0094DD10 /* Build configuration list for PBXNativeTarget "PhotoCollectionUITests" */;
			buildPhases = (
				6D46D25F23E29B8C0094DD10 /* Sources */,
				6D46D26023E29B8C0094DD10 /* Frameworks */,
				6D46D26123E29B8C0094DD10 /* Resources */,
			);
			buildRules = (
			);
			dependencies = (
				6D46D26523E29B8C0094DD10 /* PBXTargetDependency */,
			);
			name = PhotoCollectionUITests;
			productName = PhotoCollectionUITests;
			productReference = 6D46D26323E29B8C0094DD10 /* PhotoCollectionUITests.xctest */;
			productType = "com.apple.product-type.bundle.ui-testing";
		};
/* End PBXNativeTarget section */

/* Begin PBXProject section */
		6D46D23A23E29B880094DD10 /* Project object */ = {
			isa = PBXProject;
			attributes = {
				LastSwiftUpdateCheck = 1120;
				LastUpgradeCheck = 1120;
				ORGANIZATIONNAME = "Kerby Jean";
				TargetAttributes = {
					6D46D24123E29B880094DD10 = {
						CreatedOnToolsVersion = 11.2.1;
					};
					6D46D25723E29B8C0094DD10 = {
						CreatedOnToolsVersion = 11.2.1;
						TestTargetID = 6D46D24123E29B880094DD10;
					};
					6D46D26223E29B8C0094DD10 = {
						CreatedOnToolsVersion = 11.2.1;
						TestTargetID = 6D46D24123E29B880094DD10;
					};
				};
			};
			buildConfigurationList = 6D46D23D23E29B880094DD10 /* Build configuration list for PBXProject "PhotoCollection" */;
			compatibilityVersion = "Xcode 9.3";
			developmentRegion = en;
			hasScannedForEncodings = 0;
			knownRegions = (
				en,
				Base,
			);
			mainGroup = 6D46D23923E29B880094DD10;
			productRefGroup = 6D46D24323E29B880094DD10 /* Products */;
			projectDirPath = "";
			projectRoot = "";
			targets = (
				6D46D24123E29B880094DD10 /* PhotoCollection */,
				6D46D25723E29B8C0094DD10 /* PhotoCollectionTests */,
				6D46D26223E29B8C0094DD10 /* PhotoCollectionUITests */,
			);
		};
/* End PBXProject section */

/* Begin PBXResourcesBuildPhase section */
		6D46D24023E29B880094DD10 /* Resources */ = {
			isa = PBXResourcesBuildPhase;
			buildActionMask = 2147483647;
			files = (
				6D46D25223E29B8C0094DD10 /* LaunchScreen.storyboard in Resources */,
				6D46D24F23E29B8C0094DD10 /* Assets.xcassets in Resources */,
				6D46D24D23E29B880094DD10 /* Main.storyboard in Resources */,
			);
			runOnlyForDeploymentPostprocessing = 0;
		};
		6D46D25623E29B8C0094DD10 /* Resources */ = {
			isa = PBXResourcesBuildPhase;
			buildActionMask = 2147483647;
			files = (
			);
			runOnlyForDeploymentPostprocessing = 0;
		};
		6D46D26123E29B8C0094DD10 /* Resources */ = {
			isa = PBXResourcesBuildPhase;
			buildActionMask = 2147483647;
			files = (
			);
			runOnlyForDeploymentPostprocessing = 0;
		};
/* End PBXResourcesBuildPhase section */

/* Begin PBXSourcesBuildPhase section */
		6D46D23E23E29B880094DD10 /* Sources */ = {
			isa = PBXSourcesBuildPhase;
			buildActionMask = 2147483647;
			files = (
				6D46D27723E29C180094DD10 /* Photo.swift in Sources */,
				6D46D28823E352DA0094DD10 /* PhotoCell.swift in Sources */,
				6D46D28523E352B40094DD10 /* PhotosCollectionView.swift in Sources */,
				6D46D24A23E29B880094DD10 /* ViewController.swift in Sources */,
				6D46D28023E34DFC0094DD10 /* PhotoController.swift in Sources */,
				6D46D28C23E377AD0094DD10 /* PhotoDetailViewController.swift in Sources */,
				6D46D28A23E35B450094DD10 /* ThemeSelectionViewController.swift in Sources */,
				6D46D24623E29B880094DD10 /* AppDelegate.swift in Sources */,
				6D46D24823E29B880094DD10 /* SceneDelegate.swift in Sources */,
				6D46D28323E34ED90094DD10 /* ThemeHelper.swift in Sources */,
			);
			runOnlyForDeploymentPostprocessing = 0;
		};
		6D46D25423E29B8C0094DD10 /* Sources */ = {
			isa = PBXSourcesBuildPhase;
			buildActionMask = 2147483647;
			files = (
				6D46D25D23E29B8C0094DD10 /* PhotoCollectionTests.swift in Sources */,
			);
			runOnlyForDeploymentPostprocessing = 0;
		};
		6D46D25F23E29B8C0094DD10 /* Sources */ = {
			isa = PBXSourcesBuildPhase;
			buildActionMask = 2147483647;
			files = (
				6D46D26823E29B8C0094DD10 /* PhotoCollectionUITests.swift in Sources */,
			);
			runOnlyForDeploymentPostprocessing = 0;
		};
/* End PBXSourcesBuildPhase section */

/* Begin PBXTargetDependency section */
		6D46D25A23E29B8C0094DD10 /* PBXTargetDependency */ = {
			isa = PBXTargetDependency;
			target = 6D46D24123E29B880094DD10 /* PhotoCollection */;
			targetProxy = 6D46D25923E29B8C0094DD10 /* PBXContainerItemProxy */;
		};
		6D46D26523E29B8C0094DD10 /* PBXTargetDependency */ = {
			isa = PBXTargetDependency;
			target = 6D46D24123E29B880094DD10 /* PhotoCollection */;
			targetProxy = 6D46D26423E29B8C0094DD10 /* PBXContainerItemProxy */;
		};
/* End PBXTargetDependency section */

/* Begin PBXVariantGroup section */
		6D46D24B23E29B880094DD10 /* Main.storyboard */ = {
			isa = PBXVariantGroup;
			children = (
				6D46D24C23E29B880094DD10 /* Base */,
			);
			name = Main.storyboard;
			sourceTree = "<group>";
		};
		6D46D25023E29B8C0094DD10 /* LaunchScreen.storyboard */ = {
			isa = PBXVariantGroup;
			children = (
				6D46D25123E29B8C0094DD10 /* Base */,
			);
			name = LaunchScreen.storyboard;
			sourceTree = "<group>";
		};
/* End PBXVariantGroup section */

/* Begin XCBuildConfiguration section */
		6D46D26A23E29B8C0094DD10 /* Debug */ = {
			isa = XCBuildConfiguration;
			buildSettings = {
				ALWAYS_SEARCH_USER_PATHS = NO;
				CLANG_ANALYZER_NONNULL = YES;
				CLANG_ANALYZER_NUMBER_OBJECT_CONVERSION = YES_AGGRESSIVE;
				CLANG_CXX_LANGUAGE_STANDARD = "gnu++14";
				CLANG_CXX_LIBRARY = "libc++";
				CLANG_ENABLE_MODULES = YES;
				CLANG_ENABLE_OBJC_ARC = YES;
				CLANG_ENABLE_OBJC_WEAK = YES;
				CLANG_WARN_BLOCK_CAPTURE_AUTORELEASING = YES;
				CLANG_WARN_BOOL_CONVERSION = YES;
				CLANG_WARN_COMMA = YES;
				CLANG_WARN_CONSTANT_CONVERSION = YES;
				CLANG_WARN_DEPRECATED_OBJC_IMPLEMENTATIONS = YES;
				CLANG_WARN_DIRECT_OBJC_ISA_USAGE = YES_ERROR;
				CLANG_WARN_DOCUMENTATION_COMMENTS = YES;
				CLANG_WARN_EMPTY_BODY = YES;
				CLANG_WARN_ENUM_CONVERSION = YES;
				CLANG_WARN_INFINITE_RECURSION = YES;
				CLANG_WARN_INT_CONVERSION = YES;
				CLANG_WARN_NON_LITERAL_NULL_CONVERSION = YES;
				CLANG_WARN_OBJC_IMPLICIT_RETAIN_SELF = YES;
				CLANG_WARN_OBJC_LITERAL_CONVERSION = YES;
				CLANG_WARN_OBJC_ROOT_CLASS = YES_ERROR;
				CLANG_WARN_RANGE_LOOP_ANALYSIS = YES;
				CLANG_WARN_STRICT_PROTOTYPES = YES;
				CLANG_WARN_SUSPICIOUS_MOVE = YES;
				CLANG_WARN_UNGUARDED_AVAILABILITY = YES_AGGRESSIVE;
				CLANG_WARN_UNREACHABLE_CODE = YES;
				CLANG_WARN__DUPLICATE_METHOD_MATCH = YES;
				COPY_PHASE_STRIP = NO;
				DEBUG_INFORMATION_FORMAT = dwarf;
				ENABLE_STRICT_OBJC_MSGSEND = YES;
				ENABLE_TESTABILITY = YES;
				GCC_C_LANGUAGE_STANDARD = gnu11;
				GCC_DYNAMIC_NO_PIC = NO;
				GCC_NO_COMMON_BLOCKS = YES;
				GCC_OPTIMIZATION_LEVEL = 0;
				GCC_PREPROCESSOR_DEFINITIONS = (
					"DEBUG=1",
					"$(inherited)",
				);
				GCC_WARN_64_TO_32_BIT_CONVERSION = YES;
				GCC_WARN_ABOUT_RETURN_TYPE = YES_ERROR;
				GCC_WARN_UNDECLARED_SELECTOR = YES;
				GCC_WARN_UNINITIALIZED_AUTOS = YES_AGGRESSIVE;
				GCC_WARN_UNUSED_FUNCTION = YES;
				GCC_WARN_UNUSED_VARIABLE = YES;
				IPHONEOS_DEPLOYMENT_TARGET = 13.2;
				MTL_ENABLE_DEBUG_INFO = INCLUDE_SOURCE;
				MTL_FAST_MATH = YES;
				ONLY_ACTIVE_ARCH = YES;
				SDKROOT = iphoneos;
				SWIFT_ACTIVE_COMPILATION_CONDITIONS = DEBUG;
				SWIFT_OPTIMIZATION_LEVEL = "-Onone";
			};
			name = Debug;
		};
		6D46D26B23E29B8C0094DD10 /* Release */ = {
			isa = XCBuildConfiguration;
			buildSettings = {
				ALWAYS_SEARCH_USER_PATHS = NO;
				CLANG_ANALYZER_NONNULL = YES;
				CLANG_ANALYZER_NUMBER_OBJECT_CONVERSION = YES_AGGRESSIVE;
				CLANG_CXX_LANGUAGE_STANDARD = "gnu++14";
				CLANG_CXX_LIBRARY = "libc++";
				CLANG_ENABLE_MODULES = YES;
				CLANG_ENABLE_OBJC_ARC = YES;
				CLANG_ENABLE_OBJC_WEAK = YES;
				CLANG_WARN_BLOCK_CAPTURE_AUTORELEASING = YES;
				CLANG_WARN_BOOL_CONVERSION = YES;
				CLANG_WARN_COMMA = YES;
				CLANG_WARN_CONSTANT_CONVERSION = YES;
				CLANG_WARN_DEPRECATED_OBJC_IMPLEMENTATIONS = YES;
				CLANG_WARN_DIRECT_OBJC_ISA_USAGE = YES_ERROR;
				CLANG_WARN_DOCUMENTATION_COMMENTS = YES;
				CLANG_WARN_EMPTY_BODY = YES;
				CLANG_WARN_ENUM_CONVERSION = YES;
				CLANG_WARN_INFINITE_RECURSION = YES;
				CLANG_WARN_INT_CONVERSION = YES;
				CLANG_WARN_NON_LITERAL_NULL_CONVERSION = YES;
				CLANG_WARN_OBJC_IMPLICIT_RETAIN_SELF = YES;
				CLANG_WARN_OBJC_LITERAL_CONVERSION = YES;
				CLANG_WARN_OBJC_ROOT_CLASS = YES_ERROR;
				CLANG_WARN_RANGE_LOOP_ANALYSIS = YES;
				CLANG_WARN_STRICT_PROTOTYPES = YES;
				CLANG_WARN_SUSPICIOUS_MOVE = YES;
				CLANG_WARN_UNGUARDED_AVAILABILITY = YES_AGGRESSIVE;
				CLANG_WARN_UNREACHABLE_CODE = YES;
				CLANG_WARN__DUPLICATE_METHOD_MATCH = YES;
				COPY_PHASE_STRIP = NO;
				DEBUG_INFORMATION_FORMAT = "dwarf-with-dsym";
				ENABLE_NS_ASSERTIONS = NO;
				ENABLE_STRICT_OBJC_MSGSEND = YES;
				GCC_C_LANGUAGE_STANDARD = gnu11;
				GCC_NO_COMMON_BLOCKS = YES;
				GCC_WARN_64_TO_32_BIT_CONVERSION = YES;
				GCC_WARN_ABOUT_RETURN_TYPE = YES_ERROR;
				GCC_WARN_UNDECLARED_SELECTOR = YES;
				GCC_WARN_UNINITIALIZED_AUTOS = YES_AGGRESSIVE;
				GCC_WARN_UNUSED_FUNCTION = YES;
				GCC_WARN_UNUSED_VARIABLE = YES;
				IPHONEOS_DEPLOYMENT_TARGET = 13.2;
				MTL_ENABLE_DEBUG_INFO = NO;
				MTL_FAST_MATH = YES;
				SDKROOT = iphoneos;
				SWIFT_COMPILATION_MODE = wholemodule;
				SWIFT_OPTIMIZATION_LEVEL = "-O";
				VALIDATE_PRODUCT = YES;
			};
			name = Release;
		};
		6D46D26D23E29B8C0094DD10 /* Debug */ = {
			isa = XCBuildConfiguration;
			buildSettings = {
				ASSETCATALOG_COMPILER_APPICON_NAME = AppIcon;
				CODE_SIGN_STYLE = Automatic;
				DEVELOPMENT_TEAM = GF728A45JE;
				INFOPLIST_FILE = PhotoCollection/Info.plist;
				LD_RUNPATH_SEARCH_PATHS = (
					"$(inherited)",
					"@executable_path/Frameworks",
				);
				PRODUCT_BUNDLE_IDENTIFIER = com.kurbs.PhotoCollection;
				PRODUCT_NAME = "$(TARGET_NAME)";
				SWIFT_VERSION = 5.0;
				TARGETED_DEVICE_FAMILY = "1,2";
			};
			name = Debug;
		};
		6D46D26E23E29B8C0094DD10 /* Release */ = {
			isa = XCBuildConfiguration;
			buildSettings = {
				ASSETCATALOG_COMPILER_APPICON_NAME = AppIcon;
				CODE_SIGN_STYLE = Automatic;
				DEVELOPMENT_TEAM = GF728A45JE;
				INFOPLIST_FILE = PhotoCollection/Info.plist;
				LD_RUNPATH_SEARCH_PATHS = (
					"$(inherited)",
					"@executable_path/Frameworks",
				);
				PRODUCT_BUNDLE_IDENTIFIER = com.kurbs.PhotoCollection;
				PRODUCT_NAME = "$(TARGET_NAME)";
				SWIFT_VERSION = 5.0;
				TARGETED_DEVICE_FAMILY = "1,2";
			};
			name = Release;
		};
		6D46D27023E29B8C0094DD10 /* Debug */ = {
			isa = XCBuildConfiguration;
			buildSettings = {
				ALWAYS_EMBED_SWIFT_STANDARD_LIBRARIES = YES;
				BUNDLE_LOADER = "$(TEST_HOST)";
				CODE_SIGN_STYLE = Automatic;
				DEVELOPMENT_TEAM = GF728A45JE;
				INFOPLIST_FILE = PhotoCollectionTests/Info.plist;
				IPHONEOS_DEPLOYMENT_TARGET = 13.2;
				LD_RUNPATH_SEARCH_PATHS = (
					"$(inherited)",
					"@executable_path/Frameworks",
					"@loader_path/Frameworks",
				);
				PRODUCT_BUNDLE_IDENTIFIER = com.kurbs.PhotoCollectionTests;
				PRODUCT_NAME = "$(TARGET_NAME)";
				SWIFT_VERSION = 5.0;
				TARGETED_DEVICE_FAMILY = "1,2";
				TEST_HOST = "$(BUILT_PRODUCTS_DIR)/PhotoCollection.app/PhotoCollection";
			};
			name = Debug;
		};
		6D46D27123E29B8C0094DD10 /* Release */ = {
			isa = XCBuildConfiguration;
			buildSettings = {
				ALWAYS_EMBED_SWIFT_STANDARD_LIBRARIES = YES;
				BUNDLE_LOADER = "$(TEST_HOST)";
				CODE_SIGN_STYLE = Automatic;
				DEVELOPMENT_TEAM = GF728A45JE;
				INFOPLIST_FILE = PhotoCollectionTests/Info.plist;
				IPHONEOS_DEPLOYMENT_TARGET = 13.2;
				LD_RUNPATH_SEARCH_PATHS = (
					"$(inherited)",
					"@executable_path/Frameworks",
					"@loader_path/Frameworks",
				);
				PRODUCT_BUNDLE_IDENTIFIER = com.kurbs.PhotoCollectionTests;
				PRODUCT_NAME = "$(TARGET_NAME)";
				SWIFT_VERSION = 5.0;
				TARGETED_DEVICE_FAMILY = "1,2";
				TEST_HOST = "$(BUILT_PRODUCTS_DIR)/PhotoCollection.app/PhotoCollection";
			};
			name = Release;
		};
		6D46D27323E29B8C0094DD10 /* Debug */ = {
			isa = XCBuildConfiguration;
			buildSettings = {
				ALWAYS_EMBED_SWIFT_STANDARD_LIBRARIES = YES;
				CODE_SIGN_STYLE = Automatic;
				DEVELOPMENT_TEAM = GF728A45JE;
				INFOPLIST_FILE = PhotoCollectionUITests/Info.plist;
				LD_RUNPATH_SEARCH_PATHS = (
					"$(inherited)",
					"@executable_path/Frameworks",
					"@loader_path/Frameworks",
				);
				PRODUCT_BUNDLE_IDENTIFIER = com.kurbs.PhotoCollectionUITests;
				PRODUCT_NAME = "$(TARGET_NAME)";
				SWIFT_VERSION = 5.0;
				TARGETED_DEVICE_FAMILY = "1,2";
				TEST_TARGET_NAME = PhotoCollection;
			};
			name = Debug;
		};
		6D46D27423E29B8C0094DD10 /* Release */ = {
			isa = XCBuildConfiguration;
			buildSettings = {
				ALWAYS_EMBED_SWIFT_STANDARD_LIBRARIES = YES;
				CODE_SIGN_STYLE = Automatic;
				DEVELOPMENT_TEAM = GF728A45JE;
				INFOPLIST_FILE = PhotoCollectionUITests/Info.plist;
				LD_RUNPATH_SEARCH_PATHS = (
					"$(inherited)",
					"@executable_path/Frameworks",
					"@loader_path/Frameworks",
				);
				PRODUCT_BUNDLE_IDENTIFIER = com.kurbs.PhotoCollectionUITests;
				PRODUCT_NAME = "$(TARGET_NAME)";
				SWIFT_VERSION = 5.0;
				TARGETED_DEVICE_FAMILY = "1,2";
				TEST_TARGET_NAME = PhotoCollection;
			};
			name = Release;
		};
/* End XCBuildConfiguration section */

/* Begin XCConfigurationList section */
		6D46D23D23E29B880094DD10 /* Build configuration list for PBXProject "PhotoCollection" */ = {
			isa = XCConfigurationList;
			buildConfigurations = (
				6D46D26A23E29B8C0094DD10 /* Debug */,
				6D46D26B23E29B8C0094DD10 /* Release */,
			);
			defaultConfigurationIsVisible = 0;
			defaultConfigurationName = Release;
		};
		6D46D26C23E29B8C0094DD10 /* Build configuration list for PBXNativeTarget "PhotoCollection" */ = {
			isa = XCConfigurationList;
			buildConfigurations = (
				6D46D26D23E29B8C0094DD10 /* Debug */,
				6D46D26E23E29B8C0094DD10 /* Release */,
			);
			defaultConfigurationIsVisible = 0;
			defaultConfigurationName = Release;
		};
		6D46D26F23E29B8C0094DD10 /* Build configuration list for PBXNativeTarget "PhotoCollectionTests" */ = {
			isa = XCConfigurationList;
			buildConfigurations = (
				6D46D27023E29B8C0094DD10 /* Debug */,
				6D46D27123E29B8C0094DD10 /* Release */,
			);
			defaultConfigurationIsVisible = 0;
			defaultConfigurationName = Release;
		};
		6D46D27223E29B8C0094DD10 /* Build configuration list for PBXNativeTarget "PhotoCollectionUITests" */ = {
			isa = XCConfigurationList;
			buildConfigurations = (
				6D46D27323E29B8C0094DD10 /* Debug */,
				6D46D27423E29B8C0094DD10 /* Release */,
			);
			defaultConfigurationIsVisible = 0;
			defaultConfigurationName = Release;
		};
/* End XCConfigurationList section */
	};
	rootObject = 6D46D23A23E29B880094DD10 /* Project object */;
}
